
Microsoft Visual Studio Solution File, Format Version 12.00
# Visual Studio 14
VisualStudioVersion = 14.0.24720.0
MinimumVisualStudioVersion = 10.0.40219.1
Project("{FAE04EC0-301F-11D3-BF4B-00C04F79EFBC}") = "ReactiveFolder", "ReactiveFolder\ReactiveFolder.csproj", "{FA4E4826-AB4C-4CD5-B39E-5E34E762AB84}"
EndProject
Project("{2150E333-8FDC-42A3-9474-1A3956D46DE8}") = "Modules", "Modules", "{DE8EE2A5-CF66-4BB5-85C3-9F2B8364A4D5}"
EndProject
Project("{FAE04EC0-301F-11D3-BF4B-00C04F79EFBC}") = "ReactiveFolderModel", "ReactiveFolderModel\ReactiveFolderModel.csproj", "{57FACB71-D678-4B87-A7B5-4ACAFD16C7F2}"
EndProject
Project("{FAE04EC0-301F-11D3-BF4B-00C04F79EFBC}") = "Main", "Module\Main\Main.csproj", "{6D937B5E-C4A4-4DD8-949D-54C6DAE8F30A}"
EndProject
Project("{FAE04EC0-301F-11D3-BF4B-00C04F79EFBC}") = "Monitor", "Module\Monitor\Monitor.csproj", "{44C5F8D7-918C-43E9-88AD-D874D2254885}"
EndProject
Project("{2150E333-8FDC-42A3-9474-1A3956D46DE8}") = "Solution Items", "Solution Items", "{1C71AAC2-F25B-453B-8A59-839DE78351B6}"
	ProjectSection(SolutionItems) = preProject
		README.md = README.md
	EndProjectSection
EndProject
Project("{FAE04EC0-301F-11D3-BF4B-00C04F79EFBC}") = "AppPolicy", "Module\AppPolicy\AppPolicy.csproj", "{98736A13-F8CD-4B8D-8AD1-BE8E8D8E631F}"
EndProject
Project("{FAE04EC0-301F-11D3-BF4B-00C04F79EFBC}") = "ReactiveFolderStyles", "ReactiveFolderStyles\ReactiveFolderStyles.csproj", "{A1B67616-550A-4F84-A4C6-50E0A0979AFD}"
EndProject
Project("{FAE04EC0-301F-11D3-BF4B-00C04F79EFBC}") = "Settings", "Module\Settings\Settings.csproj", "{98D51A0F-3BDD-4EA8-8C5A-86A7555EEB4C}"
EndProject
Project("{FAE04EC0-301F-11D3-BF4B-00C04F79EFBC}") = "About", "Module\About\About.csproj", "{FCD97016-D48F-4955-80D5-3954F3B2C9C8}"
EndProject
Project("{54435603-DBB4-11D2-8724-00A0C9A8B90C}") = "Setup", "Setup\Setup.vdproj", "{7414FB51-F964-4DB6-9A42-6406981CA297}"
EndProject
Project("{FAE04EC0-301F-11D3-BF4B-00C04F79EFBC}") = "InstantAction", "Module\InstantAction\InstantAction.csproj", "{E94DCE91-1B7E-4753-8673-6FD851E905AE}"
EndProject
Global
	GlobalSection(SolutionConfigurationPlatforms) = preSolution
		Debug|Any CPU = Debug|Any CPU
		Release|Any CPU = Release|Any CPU
	EndGlobalSection
	GlobalSection(ProjectConfigurationPlatforms) = postSolution
		{FA4E4826-AB4C-4CD5-B39E-5E34E762AB84}.Debug|Any CPU.ActiveCfg = Debug|Any CPU
		{FA4E4826-AB4C-4CD5-B39E-5E34E762AB84}.Debug|Any CPU.Build.0 = Debug|Any CPU
		{FA4E4826-AB4C-4CD5-B39E-5E34E762AB84}.Release|Any CPU.ActiveCfg = Release|Any CPU
		{FA4E4826-AB4C-4CD5-B39E-5E34E762AB84}.Release|Any CPU.Build.0 = Release|Any CPU
		{57FACB71-D678-4B87-A7B5-4ACAFD16C7F2}.Debug|Any CPU.ActiveCfg = Debug|Any CPU
		{57FACB71-D678-4B87-A7B5-4ACAFD16C7F2}.Debug|Any CPU.Build.0 = Debug|Any CPU
		{57FACB71-D678-4B87-A7B5-4ACAFD16C7F2}.Release|Any CPU.ActiveCfg = Release|Any CPU
		{57FACB71-D678-4B87-A7B5-4ACAFD16C7F2}.Release|Any CPU.Build.0 = Release|Any CPU
		{6D937B5E-C4A4-4DD8-949D-54C6DAE8F30A}.Debug|Any CPU.ActiveCfg = Debug|Any CPU
		{6D937B5E-C4A4-4DD8-949D-54C6DAE8F30A}.Debug|Any CPU.Build.0 = Debug|Any CPU
		{6D937B5E-C4A4-4DD8-949D-54C6DAE8F30A}.Release|Any CPU.ActiveCfg = Release|Any CPU
		{6D937B5E-C4A4-4DD8-949D-54C6DAE8F30A}.Release|Any CPU.Build.0 = Release|Any CPU
		{44C5F8D7-918C-43E9-88AD-D874D2254885}.Debug|Any CPU.ActiveCfg = Debug|Any CPU
		{44C5F8D7-918C-43E9-88AD-D874D2254885}.Debug|Any CPU.Build.0 = Debug|Any CPU
		{44C5F8D7-918C-43E9-88AD-D874D2254885}.Release|Any CPU.ActiveCfg = Release|Any CPU
		{44C5F8D7-918C-43E9-88AD-D874D2254885}.Release|Any CPU.Build.0 = Release|Any CPU
		{98736A13-F8CD-4B8D-8AD1-BE8E8D8E631F}.Debug|Any CPU.ActiveCfg = Debug|Any CPU
		{98736A13-F8CD-4B8D-8AD1-BE8E8D8E631F}.Debug|Any CPU.Build.0 = Debug|Any CPU
		{98736A13-F8CD-4B8D-8AD1-BE8E8D8E631F}.Release|Any CPU.ActiveCfg = Release|Any CPU
		{98736A13-F8CD-4B8D-8AD1-BE8E8D8E631F}.Release|Any CPU.Build.0 = Release|Any CPU
		{A1B67616-550A-4F84-A4C6-50E0A0979AFD}.Debug|Any CPU.ActiveCfg = Debug|Any CPU
		{A1B67616-550A-4F84-A4C6-50E0A0979AFD}.Debug|Any CPU.Build.0 = Debug|Any CPU
		{A1B67616-550A-4F84-A4C6-50E0A0979AFD}.Release|Any CPU.ActiveCfg = Release|Any CPU
		{A1B67616-550A-4F84-A4C6-50E0A0979AFD}.Release|Any CPU.Build.0 = Release|Any CPU
		{98D51A0F-3BDD-4EA8-8C5A-86A7555EEB4C}.Debug|Any CPU.ActiveCfg = Debug|Any CPU
		{98D51A0F-3BDD-4EA8-8C5A-86A7555EEB4C}.Debug|Any CPU.Build.0 = Debug|Any CPU
		{98D51A0F-3BDD-4EA8-8C5A-86A7555EEB4C}.Release|Any CPU.ActiveCfg = Release|Any CPU
		{98D51A0F-3BDD-4EA8-8C5A-86A7555EEB4C}.Release|Any CPU.Build.0 = Release|Any CPU
		{FCD97016-D48F-4955-80D5-3954F3B2C9C8}.Debug|Any CPU.ActiveCfg = Debug|Any CPU
		{FCD97016-D48F-4955-80D5-3954F3B2C9C8}.Debug|Any CPU.Build.0 = Debug|Any CPU
		{FCD97016-D48F-4955-80D5-3954F3B2C9C8}.Release|Any CPU.ActiveCfg = Release|Any CPU
		{FCD97016-D48F-4955-80D5-3954F3B2C9C8}.Release|Any CPU.Build.0 = Release|Any CPU
		{7414FB51-F964-4DB6-9A42-6406981CA297}.Debug|Any CPU.ActiveCfg = Debug
		{7414FB51-F964-4DB6-9A42-6406981CA297}.Release|Any CPU.ActiveCfg = Release
		{E94DCE91-1B7E-4753-8673-6FD851E905AE}.Debug|Any CPU.ActiveCfg = Debug|Any CPU
		{E94DCE91-1B7E-4753-8673-6FD851E905AE}.Debug|Any CPU.Build.0 = Debug|Any CPU
		{E94DCE91-1B7E-4753-8673-6FD851E905AE}.Release|Any CPU.ActiveCfg = Release|Any CPU
		{E94DCE91-1B7E-4753-8673-6FD851E905AE}.Release|Any CPU.Build.0 = Release|Any CPU
	EndGlobalSection
	GlobalSection(SolutionProperties) = preSolution
		HideSolutionNode = FALSE
	EndGlobalSection
	GlobalSection(NestedProjects) = preSolution
		{6D937B5E-C4A4-4DD8-949D-54C6DAE8F30A} = {DE8EE2A5-CF66-4BB5-85C3-9F2B8364A4D5}
		{44C5F8D7-918C-43E9-88AD-D874D2254885} = {DE8EE2A5-CF66-4BB5-85C3-9F2B8364A4D5}
		{98736A13-F8CD-4B8D-8AD1-BE8E8D8E631F} = {DE8EE2A5-CF66-4BB5-85C3-9F2B8364A4D5}
		{98D51A0F-3BDD-4EA8-8C5A-86A7555EEB4C} = {DE8EE2A5-CF66-4BB5-85C3-9F2B8364A4D5}
		{FCD97016-D48F-4955-80D5-3954F3B2C9C8} = {DE8EE2A5-CF66-4BB5-85C3-9F2B8364A4D5}
		{E94DCE91-1B7E-4753-8673-6FD851E905AE} = {DE8EE2A5-CF66-4BB5-85C3-9F2B8364A4D5}
	EndGlobalSection
EndGlobal
